// !$*UTF8*$!
{
	archiveVersion = 1;
	classes = {
	};
	objectVersion = 77;
	objects = {

/* Begin PBXBuildFile section */
		34E49D652CE6F66700D2E1BD /* Patient+CoreDataClass.swift in Sources */ = {isa = PBXBuildFile; fileRef = 34E49D612CE6F66700D2E1BD /* Patient+CoreDataClass.swift */; };
		34E49D662CE6F66700D2E1BD /* ManagedProblem+CoreDataProperties.swift in Sources */ = {isa = PBXBuildFile; fileRef = 34E49D602CE6F66700D2E1BD /* ManagedProblem+CoreDataProperties.swift */; };
		34E49D672CE6F66700D2E1BD /* Patient+CoreDataProperties.swift in Sources */ = {isa = PBXBuildFile; fileRef = 34E49D622CE6F66700D2E1BD /* Patient+CoreDataProperties.swift */; };
		34E49D682CE6F66700D2E1BD /* ProgressNote+CoreDataClass.swift in Sources */ = {isa = PBXBuildFile; fileRef = 34E49D632CE6F66700D2E1BD /* ProgressNote+CoreDataClass.swift */; };
		34E49D692CE6F66700D2E1BD /* ProgressNote+CoreDataProperties.swift in Sources */ = {isa = PBXBuildFile; fileRef = 34E49D642CE6F66700D2E1BD /* ProgressNote+CoreDataProperties.swift */; };
		34E49D6A2CE6F66700D2E1BD /* ManagedProblem+CoreDataClass.swift in Sources */ = {isa = PBXBuildFile; fileRef = 34E49D5F2CE6F66700D2E1BD /* ManagedProblem+CoreDataClass.swift */; };
/* End PBXBuildFile section */

/* Begin PBXContainerItemProxy section */
		340B81282CD186CE006A9750 /* PBXContainerItemProxy */ = {
			isa = PBXContainerItemProxy;
			containerPortal = 340B810A2CD186CD006A9750 /* Project object */;
			proxyType = 1;
			remoteGlobalIDString = 340B81112CD186CD006A9750;
			remoteInfo = "Progress Note 2.1";
		};
		340B81322CD186CE006A9750 /* PBXContainerItemProxy */ = {
			isa = PBXContainerItemProxy;
			containerPortal = 340B810A2CD186CD006A9750 /* Project object */;
			proxyType = 1;
			remoteGlobalIDString = 340B81112CD186CD006A9750;
			remoteInfo = "Progress Note 2.1";
		};
/* End PBXContainerItemProxy section */

/* Begin PBXFileReference section */
		340B81122CD186CD006A9750 /* Progress Note 2.1.app */ = {isa = PBXFileReference; explicitFileType = wrapper.application; includeInIndex = 0; path = "Progress Note 2.1.app"; sourceTree = BUILT_PRODUCTS_DIR; };
		340B81272CD186CE006A9750 /* Progress Note 2.1Tests.xctest */ = {isa = PBXFileReference; explicitFileType = wrapper.cfbundle; includeInIndex = 0; path = "Progress Note 2.1Tests.xctest"; sourceTree = BUILT_PRODUCTS_DIR; };
		340B81312CD186CE006A9750 /* Progress Note 2.1UITests.xctest */ = {isa = PBXFileReference; explicitFileType = wrapper.cfbundle; includeInIndex = 0; path = "Progress Note 2.1UITests.xctest"; sourceTree = BUILT_PRODUCTS_DIR; };
		34E49D5F2CE6F66700D2E1BD /* ManagedProblem+CoreDataClass.swift */ = {isa = PBXFileReference; lastKnownFileType = sourcecode.swift; path = "ManagedProblem+CoreDataClass.swift"; sourceTree = "<group>"; };
		34E49D602CE6F66700D2E1BD /* ManagedProblem+CoreDataProperties.swift */ = {isa = PBXFileReference; lastKnownFileType = sourcecode.swift; path = "ManagedProblem+CoreDataProperties.swift"; sourceTree = "<group>"; };
		34E49D612CE6F66700D2E1BD /* Patient+CoreDataClass.swift */ = {isa = PBXFileReference; lastKnownFileType = sourcecode.swift; path = "Patient+CoreDataClass.swift"; sourceTree = "<group>"; };
		34E49D622CE6F66700D2E1BD /* Patient+CoreDataProperties.swift */ = {isa = PBXFileReference; lastKnownFileType = sourcecode.swift; path = "Patient+CoreDataProperties.swift"; sourceTree = "<group>"; };
		34E49D632CE6F66700D2E1BD /* ProgressNote+CoreDataClass.swift */ = {isa = PBXFileReference; lastKnownFileType = sourcecode.swift; path = "ProgressNote+CoreDataClass.swift"; sourceTree = "<group>"; };
		34E49D642CE6F66700D2E1BD /* ProgressNote+CoreDataProperties.swift */ = {isa = PBXFileReference; lastKnownFileType = sourcecode.swift; path = "ProgressNote+CoreDataProperties.swift"; sourceTree = "<group>"; };
/* End PBXFileReference section */

/* Begin PBXFileSystemSynchronizedRootGroup section */
		340B81142CD186CD006A9750 /* Progress Note 2.1 */ = {
			isa = PBXFileSystemSynchronizedRootGroup;
			path = "Progress Note 2.1";
			sourceTree = "<group>";
		};
		340B812A2CD186CE006A9750 /* Progress Note 2.1Tests */ = {
			isa = PBXFileSystemSynchronizedRootGroup;
			path = "Progress Note 2.1Tests";
			sourceTree = "<group>";
		};
		340B81342CD186CE006A9750 /* Progress Note 2.1UITests */ = {
			isa = PBXFileSystemSynchronizedRootGroup;
			path = "Progress Note 2.1UITests";
			sourceTree = "<group>";
		};
/* End PBXFileSystemSynchronizedRootGroup section */

/* Begin PBXFrameworksBuildPhase section */
		340B810F2CD186CD006A9750 /* Frameworks */ = {
			isa = PBXFrameworksBuildPhase;
			buildActionMask = 2147483647;
			files = (
			);
			runOnlyForDeploymentPostprocessing = 0;
		};
		340B81242CD186CE006A9750 /* Frameworks */ = {
			isa = PBXFrameworksBuildPhase;
			buildActionMask = 2147483647;
			files = (
			);
			runOnlyForDeploymentPostprocessing = 0;
		};
		340B812E2CD186CE006A9750 /* Frameworks */ = {
			isa = PBXFrameworksBuildPhase;
			buildActionMask = 2147483647;
			files = (
			);
			runOnlyForDeploymentPostprocessing = 0;
		};
/* End PBXFrameworksBuildPhase section */

/* Begin PBXGroup section */
		340B81092CD186CD006A9750 = {
			isa = PBXGroup;
			children = (
				34E49D5F2CE6F66700D2E1BD /* ManagedProblem+CoreDataClass.swift */,
				34E49D602CE6F66700D2E1BD /* ManagedProblem+CoreDataProperties.swift */,
				34E49D612CE6F66700D2E1BD /* Patient+CoreDataClass.swift */,
				34E49D622CE6F66700D2E1BD /* Patient+CoreDataProperties.swift */,
				34E49D632CE6F66700D2E1BD /* ProgressNote+CoreDataClass.swift */,
				34E49D642CE6F66700D2E1BD /* ProgressNote+CoreDataProperties.swift */,
				340B81142CD186CD006A9750 /* Progress Note 2.1 */,
				340B812A2CD186CE006A9750 /* Progress Note 2.1Tests */,
				340B81342CD186CE006A9750 /* Progress Note 2.1UITests */,
				340B81132CD186CD006A9750 /* Products */,
			);
			sourceTree = "<group>";
		};
		340B81132CD186CD006A9750 /* Products */ = {
			isa = PBXGroup;
			children = (
				340B81122CD186CD006A9750 /* Progress Note 2.1.app */,
				340B81272CD186CE006A9750 /* Progress Note 2.1Tests.xctest */,
				340B81312CD186CE006A9750 /* Progress Note 2.1UITests.xctest */,
			);
			name = Products;
			sourceTree = "<group>";
		};
/* End PBXGroup section */

/* Begin PBXNativeTarget section */
		340B81112CD186CD006A9750 /* Progress Note 2.1 */ = {
			isa = PBXNativeTarget;
			buildConfigurationList = 340B813B2CD186CE006A9750 /* Build configuration list for PBXNativeTarget "Progress Note 2.1" */;
			buildPhases = (
				340B810E2CD186CD006A9750 /* Sources */,
				340B810F2CD186CD006A9750 /* Frameworks */,
				340B81102CD186CD006A9750 /* Resources */,
			);
			buildRules = (
			);
			dependencies = (
			);
			fileSystemSynchronizedGroups = (
				340B81142CD186CD006A9750 /* Progress Note 2.1 */,
			);
			name = "Progress Note 2.1";
			packageProductDependencies = (
			);
			productName = "Progress Note 2.1";
			productReference = 340B81122CD186CD006A9750 /* Progress Note 2.1.app */;
			productType = "com.apple.product-type.application";
		};
		340B81262CD186CE006A9750 /* Progress Note 2.1Tests */ = {
			isa = PBXNativeTarget;
			buildConfigurationList = 340B813E2CD186CE006A9750 /* Build configuration list for PBXNativeTarget "Progress Note 2.1Tests" */;
			buildPhases = (
				340B81232CD186CE006A9750 /* Sources */,
				340B81242CD186CE006A9750 /* Frameworks */,
				340B81252CD186CE006A9750 /* Resources */,
			);
			buildRules = (
			);
			dependencies = (
				340B81292CD186CE006A9750 /* PBXTargetDependency */,
			);
			fileSystemSynchronizedGroups = (
				340B812A2CD186CE006A9750 /* Progress Note 2.1Tests */,
			);
			name = "Progress Note 2.1Tests";
			packageProductDependencies = (
			);
			productName = "Progress Note 2.1Tests";
			productReference = 340B81272CD186CE006A9750 /* Progress Note 2.1Tests.xctest */;
			productType = "com.apple.product-type.bundle.unit-test";
		};
		340B81302CD186CE006A9750 /* Progress Note 2.1UITests */ = {
			isa = PBXNativeTarget;
			buildConfigurationList = 340B81412CD186CE006A9750 /* Build configuration list for PBXNativeTarget "Progress Note 2.1UITests" */;
			buildPhases = (
				340B812D2CD186CE006A9750 /* Sources */,
				340B812E2CD186CE006A9750 /* Frameworks */,
				340B812F2CD186CE006A9750 /* Resources */,
			);
			buildRules = (
			);
			dependencies = (
				340B81332CD186CE006A9750 /* PBXTargetDependency */,
			);
			fileSystemSynchronizedGroups = (
				340B81342CD186CE006A9750 /* Progress Note 2.1UITests */,
			);
			name = "Progress Note 2.1UITests";
			packageProductDependencies = (
			);
			productName = "Progress Note 2.1UITests";
			productReference = 340B81312CD186CE006A9750 /* Progress Note 2.1UITests.xctest */;
			productType = "com.apple.product-type.bundle.ui-testing";
		};
/* End PBXNativeTarget section */

/* Begin PBXProject section */
		340B810A2CD186CD006A9750 /* Project object */ = {
			isa = PBXProject;
			attributes = {
				BuildIndependentTargetsInParallel = 1;
				LastSwiftUpdateCheck = 1600;
				LastUpgradeCheck = 1600;
				TargetAttributes = {
					340B81112CD186CD006A9750 = {
						CreatedOnToolsVersion = 16.0;
					};
					340B81262CD186CE006A9750 = {
						CreatedOnToolsVersion = 16.0;
						TestTargetID = 340B81112CD186CD006A9750;
					};
					340B81302CD186CE006A9750 = {
						CreatedOnToolsVersion = 16.0;
						TestTargetID = 340B81112CD186CD006A9750;
					};
				};
			};
			buildConfigurationList = 340B810D2CD186CD006A9750 /* Build configuration list for PBXProject "Progress Note 2.1" */;
			developmentRegion = en;
			hasScannedForEncodings = 0;
			knownRegions = (
				en,
				Base,
			);
			mainGroup = 340B81092CD186CD006A9750;
			minimizedProjectReferenceProxies = 1;
			preferredProjectObjectVersion = 77;
			productRefGroup = 340B81132CD186CD006A9750 /* Products */;
			projectDirPath = "";
			projectRoot = "";
			targets = (
				340B81112CD186CD006A9750 /* Progress Note 2.1 */,
				340B81262CD186CE006A9750 /* Progress Note 2.1Tests */,
				340B81302CD186CE006A9750 /* Progress Note 2.1UITests */,
			);
		};
/* End PBXProject section */

/* Begin PBXResourcesBuildPhase section */
		340B81102CD186CD006A9750 /* Resources */ = {
			isa = PBXResourcesBuildPhase;
			buildActionMask = 2147483647;
			files = (
			);
			runOnlyForDeploymentPostprocessing = 0;
		};
		340B81252CD186CE006A9750 /* Resources */ = {
			isa = PBXResourcesBuildPhase;
			buildActionMask = 2147483647;
			files = (
			);
			runOnlyForDeploymentPostprocessing = 0;
		};
		340B812F2CD186CE006A9750 /* Resources */ = {
			isa = PBXResourcesBuildPhase;
			buildActionMask = 2147483647;
			files = (
			);
			runOnlyForDeploymentPostprocessing = 0;
		};
/* End PBXResourcesBuildPhase section */

/* Begin PBXSourcesBuildPhase section */
		340B810E2CD186CD006A9750 /* Sources */ = {
			isa = PBXSourcesBuildPhase;
			buildActionMask = 2147483647;
			files = (
				34E49D652CE6F66700D2E1BD /* Patient+CoreDataClass.swift in Sources */,
				34E49D662CE6F66700D2E1BD /* ManagedProblem+CoreDataProperties.swift in Sources */,
				34E49D672CE6F66700D2E1BD /* Patient+CoreDataProperties.swift in Sources */,
				34E49D682CE6F66700D2E1BD /* ProgressNote+CoreDataClass.swift in Sources */,
				34E49D692CE6F66700D2E1BD /* ProgressNote+CoreDataProperties.swift in Sources */,
				34E49D6A2CE6F66700D2E1BD /* ManagedProblem+CoreDataClass.swift in Sources */,
			);
			runOnlyForDeploymentPostprocessing = 0;
		};
		340B81232CD186CE006A9750 /* Sources */ = {
			isa = PBXSourcesBuildPhase;
			buildActionMask = 2147483647;
			files = (
			);
			runOnlyForDeploymentPostprocessing = 0;
		};
		340B812D2CD186CE006A9750 /* Sources */ = {
			isa = PBXSourcesBuildPhase;
			buildActionMask = 2147483647;
			files = (
			);
			runOnlyForDeploymentPostprocessing = 0;
		};
/* End PBXSourcesBuildPhase section */

/* Begin PBXTargetDependency section */
		340B81292CD186CE006A9750 /* PBXTargetDependency */ = {
			isa = PBXTargetDependency;
			target = 340B81112CD186CD006A9750 /* Progress Note 2.1 */;
			targetProxy = 340B81282CD186CE006A9750 /* PBXContainerItemProxy */;
		};
		340B81332CD186CE006A9750 /* PBXTargetDependency */ = {
			isa = PBXTargetDependency;
			target = 340B81112CD186CD006A9750 /* Progress Note 2.1 */;
			targetProxy = 340B81322CD186CE006A9750 /* PBXContainerItemProxy */;
		};
/* End PBXTargetDependency section */

/* Begin XCBuildConfiguration section */
		340B81392CD186CE006A9750 /* Debug */ = {
			isa = XCBuildConfiguration;
			buildSettings = {
				ALWAYS_SEARCH_USER_PATHS = NO;
				ASSETCATALOG_COMPILER_GENERATE_SWIFT_ASSET_SYMBOL_EXTENSIONS = YES;
				CLANG_ANALYZER_NONNULL = YES;
				CLANG_ANALYZER_NUMBER_OBJECT_CONVERSION = YES_AGGRESSIVE;
				CLANG_CXX_LANGUAGE_STANDARD = "gnu++20";
				CLANG_ENABLE_MODULES = YES;
				CLANG_ENABLE_OBJC_ARC = YES;
				CLANG_ENABLE_OBJC_WEAK = YES;
				CLANG_WARN_BLOCK_CAPTURE_AUTORELEASING = YES;
				CLANG_WARN_BOOL_CONVERSION = YES;
				CLANG_WARN_COMMA = YES;
				CLANG_WARN_CONSTANT_CONVERSION = YES;
				CLANG_WARN_DEPRECATED_OBJC_IMPLEMENTATIONS = YES;
				CLANG_WARN_DIRECT_OBJC_ISA_USAGE = YES_ERROR;
				CLANG_WARN_DOCUMENTATION_COMMENTS = YES;
				CLANG_WARN_EMPTY_BODY = YES;
				CLANG_WARN_ENUM_CONVERSION = YES;
				CLANG_WARN_INFINITE_RECURSION = YES;
				CLANG_WARN_INT_CONVERSION = YES;
				CLANG_WARN_NON_LITERAL_NULL_CONVERSION = YES;
				CLANG_WARN_OBJC_IMPLICIT_RETAIN_SELF = YES;
				CLANG_WARN_OBJC_LITERAL_CONVERSION = YES;
				CLANG_WARN_OBJC_ROOT_CLASS = YES_ERROR;
				CLANG_WARN_QUOTED_INCLUDE_IN_FRAMEWORK_HEADER = YES;
				CLANG_WARN_RANGE_LOOP_ANALYSIS = YES;
				CLANG_WARN_STRICT_PROTOTYPES = YES;
				CLANG_WARN_SUSPICIOUS_MOVE = YES;
				CLANG_WARN_UNGUARDED_AVAILABILITY = YES_AGGRESSIVE;
				CLANG_WARN_UNREACHABLE_CODE = YES;
				CLANG_WARN__DUPLICATE_METHOD_MATCH = YES;
				COPY_PHASE_STRIP = NO;
				DEBUG_INFORMATION_FORMAT = dwarf;
				ENABLE_STRICT_OBJC_MSGSEND = YES;
				ENABLE_TESTABILITY = YES;
				ENABLE_USER_SCRIPT_SANDBOXING = YES;
				GCC_C_LANGUAGE_STANDARD = gnu17;
				GCC_DYNAMIC_NO_PIC = NO;
				GCC_NO_COMMON_BLOCKS = YES;
				GCC_OPTIMIZATION_LEVEL = 0;
				GCC_PREPROCESSOR_DEFINITIONS = (
					"DEBUG=1",
					"$(inherited)",
				);
				GCC_WARN_64_TO_32_BIT_CONVERSION = YES;
				GCC_WARN_ABOUT_RETURN_TYPE = YES_ERROR;
				GCC_WARN_UNDECLARED_SELECTOR = YES;
				GCC_WARN_UNINITIALIZED_AUTOS = YES_AGGRESSIVE;
				GCC_WARN_UNUSED_FUNCTION = YES;
				GCC_WARN_UNUSED_VARIABLE = YES;
				IPHONEOS_DEPLOYMENT_TARGET = 18.0;
				LOCALIZATION_PREFERS_STRING_CATALOGS = YES;
				MTL_ENABLE_DEBUG_INFO = INCLUDE_SOURCE;
				MTL_FAST_MATH = YES;
				ONLY_ACTIVE_ARCH = YES;
				SDKROOT = iphoneos;
				SWIFT_ACTIVE_COMPILATION_CONDITIONS = "DEBUG $(inherited)";
				SWIFT_OPTIMIZATION_LEVEL = "-Onone";
			};
			name = Debug;
		};
		340B813A2CD186CE006A9750 /* Release */ = {
			isa = XCBuildConfiguration;
			buildSettings = {
				ALWAYS_SEARCH_USER_PATHS = NO;
				ASSETCATALOG_COMPILER_GENERATE_SWIFT_ASSET_SYMBOL_EXTENSIONS = YES;
				CLANG_ANALYZER_NONNULL = YES;
				CLANG_ANALYZER_NUMBER_OBJECT_CONVERSION = YES_AGGRESSIVE;
				CLANG_CXX_LANGUAGE_STANDARD = "gnu++20";
				CLANG_ENABLE_MODULES = YES;
				CLANG_ENABLE_OBJC_ARC = YES;
				CLANG_ENABLE_OBJC_WEAK = YES;
				CLANG_WARN_BLOCK_CAPTURE_AUTORELEASING = YES;
				CLANG_WARN_BOOL_CONVERSION = YES;
				CLANG_WARN_COMMA = YES;
				CLANG_WARN_CONSTANT_CONVERSION = YES;
				CLANG_WARN_DEPRECATED_OBJC_IMPLEMENTATIONS = YES;
				CLANG_WARN_DIRECT_OBJC_ISA_USAGE = YES_ERROR;
				CLANG_WARN_DOCUMENTATION_COMMENTS = YES;
				CLANG_WARN_EMPTY_BODY = YES;
				CLANG_WARN_ENUM_CONVERSION = YES;
				CLANG_WARN_INFINITE_RECURSION = YES;
				CLANG_WARN_INT_CONVERSION = YES;
				CLANG_WARN_NON_LITERAL_NULL_CONVERSION = YES;
				CLANG_WARN_OBJC_IMPLICIT_RETAIN_SELF = YES;
				CLANG_WARN_OBJC_LITERAL_CONVERSION = YES;
				CLANG_WARN_OBJC_ROOT_CLASS = YES_ERROR;
				CLANG_WARN_QUOTED_INCLUDE_IN_FRAMEWORK_HEADER = YES;
				CLANG_WARN_RANGE_LOOP_ANALYSIS = YES;
				CLANG_WARN_STRICT_PROTOTYPES = YES;
				CLANG_WARN_SUSPICIOUS_MOVE = YES;
				CLANG_WARN_UNGUARDED_AVAILABILITY = YES_AGGRESSIVE;
				CLANG_WARN_UNREACHABLE_CODE = YES;
				CLANG_WARN__DUPLICATE_METHOD_MATCH = YES;
				COPY_PHASE_STRIP = NO;
				DEBUG_INFORMATION_FORMAT = "dwarf-with-dsym";
				ENABLE_NS_ASSERTIONS = NO;
				ENABLE_STRICT_OBJC_MSGSEND = YES;
				ENABLE_USER_SCRIPT_SANDBOXING = YES;
				GCC_C_LANGUAGE_STANDARD = gnu17;
				GCC_NO_COMMON_BLOCKS = YES;
				GCC_WARN_64_TO_32_BIT_CONVERSION = YES;
				GCC_WARN_ABOUT_RETURN_TYPE = YES_ERROR;
				GCC_WARN_UNDECLARED_SELECTOR = YES;
				GCC_WARN_UNINITIALIZED_AUTOS = YES_AGGRESSIVE;
				GCC_WARN_UNUSED_FUNCTION = YES;
				GCC_WARN_UNUSED_VARIABLE = YES;
				IPHONEOS_DEPLOYMENT_TARGET = 18.0;
				LOCALIZATION_PREFERS_STRING_CATALOGS = YES;
				MTL_ENABLE_DEBUG_INFO = NO;
				MTL_FAST_MATH = YES;
				SDKROOT = iphoneos;
				SWIFT_COMPILATION_MODE = wholemodule;
				VALIDATE_PRODUCT = YES;
			};
			name = Release;
		};
		340B813C2CD186CE006A9750 /* Debug */ = {
			isa = XCBuildConfiguration;
			buildSettings = {
				ASSETCATALOG_COMPILER_APPICON_NAME = AppIcon;
				ASSETCATALOG_COMPILER_GLOBAL_ACCENT_COLOR_NAME = AccentColor;
				CODE_SIGN_STYLE = Automatic;
				CURRENT_PROJECT_VERSION = 1;
				DEVELOPMENT_ASSET_PATHS = "\"Progress Note 2.1/Preview Content\"";
				ENABLE_PREVIEWS = YES;
				GENERATE_INFOPLIST_FILE = YES;
				INFOPLIST_KEY_UIApplicationSceneManifest_Generation = YES;
				INFOPLIST_KEY_UIApplicationSupportsIndirectInputEvents = YES;
				INFOPLIST_KEY_UILaunchScreen_Generation = YES;
				INFOPLIST_KEY_UISupportedInterfaceOrientations_iPad = "UIInterfaceOrientationPortrait UIInterfaceOrientationPortraitUpsideDown UIInterfaceOrientationLandscapeLeft UIInterfaceOrientationLandscapeRight";
				INFOPLIST_KEY_UISupportedInterfaceOrientations_iPhone = "UIInterfaceOrientationPortrait UIInterfaceOrientationLandscapeLeft UIInterfaceOrientationLandscapeRight";
				LD_RUNPATH_SEARCH_PATHS = (
					"$(inherited)",
					"@executable_path/Frameworks",
				);
				MARKETING_VERSION = 1.0;
				PRODUCT_BUNDLE_IDENTIFIER = "TrakHero.Progress-Note-2-1";
				PRODUCT_NAME = "$(TARGET_NAME)";
				SWIFT_EMIT_LOC_STRINGS = YES;
				SWIFT_VERSION = 5.0;
				TARGETED_DEVICE_FAMILY = "1,2";
			};
			name = Debug;
		};
		340B813D2CD186CE006A9750 /* Release */ = {
			isa = XCBuildConfiguration;
			buildSettings = {
				ASSETCATALOG_COMPILER_APPICON_NAME = AppIcon;
				ASSETCATALOG_COMPILER_GLOBAL_ACCENT_COLOR_NAME = AccentColor;
				CODE_SIGN_STYLE = Automatic;
				CURRENT_PROJECT_VERSION = 1;
				DEVELOPMENT_ASSET_PATHS = "\"Progress Note 2.1/Preview Content\"";
				ENABLE_PREVIEWS = YES;
				GENERATE_INFOPLIST_FILE = YES;
				INFOPLIST_KEY_UIApplicationSceneManifest_Generation = YES;
				INFOPLIST_KEY_UIApplicationSupportsIndirectInputEvents = YES;
				INFOPLIST_KEY_UILaunchScreen_Generation = YES;
				INFOPLIST_KEY_UISupportedInterfaceOrientations_iPad = "UIInterfaceOrientationPortrait UIInterfaceOrientationPortraitUpsideDown UIInterfaceOrientationLandscapeLeft UIInterfaceOrientationLandscapeRight";
				INFOPLIST_KEY_UISupportedInterfaceOrientations_iPhone = "UIInterfaceOrientationPortrait UIInterfaceOrientationLandscapeLeft UIInterfaceOrientationLandscapeRight";
				LD_RUNPATH_SEARCH_PATHS = (
					"$(inherited)",
					"@executable_path/Frameworks",
				);
				MARKETING_VERSION = 1.0;
				PRODUCT_BUNDLE_IDENTIFIER = "TrakHero.Progress-Note-2-1";
				PRODUCT_NAME = "$(TARGET_NAME)";
				SWIFT_EMIT_LOC_STRINGS = YES;
				SWIFT_VERSION = 5.0;
				TARGETED_DEVICE_FAMILY = "1,2";
			};
			name = Release;
		};
		340B813F2CD186CE006A9750 /* Debug */ = {
			isa = XCBuildConfiguration;
			buildSettings = {
				BUNDLE_LOADER = "$(TEST_HOST)";
				CODE_SIGN_STYLE = Automatic;
				CURRENT_PROJECT_VERSION = 1;
				GENERATE_INFOPLIST_FILE = YES;
				IPHONEOS_DEPLOYMENT_TARGET = 18.0;
				MARKETING_VERSION = 1.0;
				PRODUCT_BUNDLE_IDENTIFIER = "TrakHero.Progress-Note-2-1Tests";
				PRODUCT_NAME = "$(TARGET_NAME)";
				SWIFT_EMIT_LOC_STRINGS = NO;
				SWIFT_VERSION = 5.0;
				TARGETED_DEVICE_FAMILY = "1,2";
				TEST_HOST = "$(BUILT_PRODUCTS_DIR)/Progress Note 2.1.app/$(BUNDLE_EXECUTABLE_FOLDER_PATH)/Progress Note 2.1";
			};
			name = Debug;
		};
		340B81402CD186CE006A9750 /* Release */ = {
			isa = XCBuildConfiguration;
			buildSettings = {
				BUNDLE_LOADER = "$(TEST_HOST)";
				CODE_SIGN_STYLE = Automatic;
				CURRENT_PROJECT_VERSION = 1;
				GENERATE_INFOPLIST_FILE = YES;
				IPHONEOS_DEPLOYMENT_TARGET = 18.0;
				MARKETING_VERSION = 1.0;
				PRODUCT_BUNDLE_IDENTIFIER = "TrakHero.Progress-Note-2-1Tests";
				PRODUCT_NAME = "$(TARGET_NAME)";
				SWIFT_EMIT_LOC_STRINGS = NO;
				SWIFT_VERSION = 5.0;
				TARGETED_DEVICE_FAMILY = "1,2";
				TEST_HOST = "$(BUILT_PRODUCTS_DIR)/Progress Note 2.1.app/$(BUNDLE_EXECUTABLE_FOLDER_PATH)/Progress Note 2.1";
			};
			name = Release;
		};
		340B81422CD186CE006A9750 /* Debug */ = {
			isa = XCBuildConfiguration;
			buildSettings = {
				CODE_SIGN_STYLE = Automatic;
				CURRENT_PROJECT_VERSION = 1;
				GENERATE_INFOPLIST_FILE = YES;
				MARKETING_VERSION = 1.0;
				PRODUCT_BUNDLE_IDENTIFIER = "TrakHero.Progress-Note-2-1UITests";
				PRODUCT_NAME = "$(TARGET_NAME)";
				SWIFT_EMIT_LOC_STRINGS = NO;
				SWIFT_VERSION = 5.0;
				TARGETED_DEVICE_FAMILY = "1,2";
				TEST_TARGET_NAME = "Progress Note 2.1";
			};
			name = Debug;
		};
		340B81432CD186CE006A9750 /* Release */ = {
			isa = XCBuildConfiguration;
			buildSettings = {
				CODE_SIGN_STYLE = Automatic;
				CURRENT_PROJECT_VERSION = 1;
				GENERATE_INFOPLIST_FILE = YES;
				MARKETING_VERSION = 1.0;
				PRODUCT_BUNDLE_IDENTIFIER = "TrakHero.Progress-Note-2-1UITests";
				PRODUCT_NAME = "$(TARGET_NAME)";
				SWIFT_EMIT_LOC_STRINGS = NO;
				SWIFT_VERSION = 5.0;
				TARGETED_DEVICE_FAMILY = "1,2";
				TEST_TARGET_NAME = "Progress Note 2.1";
			};
			name = Release;
		};
/* End XCBuildConfiguration section */

/* Begin XCConfigurationList section */
		340B810D2CD186CD006A9750 /* Build configuration list for PBXProject "Progress Note 2.1" */ = {
			isa = XCConfigurationList;
			buildConfigurations = (
				340B81392CD186CE006A9750 /* Debug */,
				340B813A2CD186CE006A9750 /* Release */,
			);
			defaultConfigurationIsVisible = 0;
			defaultConfigurationName = Release;
		};
		340B813B2CD186CE006A9750 /* Build configuration list for PBXNativeTarget "Progress Note 2.1" */ = {
			isa = XCConfigurationList;
			buildConfigurations = (
				340B813C2CD186CE006A9750 /* Debug */,
				340B813D2CD186CE006A9750 /* Release */,
			);
			defaultConfigurationIsVisible = 0;
			defaultConfigurationName = Release;
		};
		340B813E2CD186CE006A9750 /* Build configuration list for PBXNativeTarget "Progress Note 2.1Tests" */ = {
			isa = XCConfigurationList;
			buildConfigurations = (
				340B813F2CD186CE006A9750 /* Debug */,
				340B81402CD186CE006A9750 /* Release */,
			);
			defaultConfigurationIsVisible = 0;
			defaultConfigurationName = Release;
		};
		340B81412CD186CE006A9750 /* Build configuration list for PBXNativeTarget "Progress Note 2.1UITests" */ = {
			isa = XCConfigurationList;
			buildConfigurations = (
				340B81422CD186CE006A9750 /* Debug */,
				340B81432CD186CE006A9750 /* Release */,
			);
			defaultConfigurationIsVisible = 0;
			defaultConfigurationName = Release;
		};
/* End XCConfigurationList section */
	};
	rootObject = 340B810A2CD186CD006A9750 /* Project object */;
}
